
Microsoft Visual Studio Solution File, Format Version 12.00
# Visual Studio Version 16
VisualStudioVersion = 16.0.32002.261
MinimumVisualStudioVersion = 10.0.40219.1
Project("{FAE04EC0-301F-11D3-BF4B-00C04F79EFBC}") = "Luis Henrique da Silva", "Luis Henrique da Silva.csproj", "{E6A386C6-D2EA-458C-91BF-DBD1CCE460AF}"
EndProject
Global
	GlobalSection(SolutionConfigurationPlatforms) = preSolution
		Debug|Any CPU = Debug|Any CPU
		Release|Any CPU = Release|Any CPU
	EndGlobalSection
	GlobalSection(ProjectConfigurationPlatforms) = postSolution
		{E6A386C6-D2EA-458C-91BF-DBD1CCE460AF}.Debug|Any CPU.ActiveCfg = Debug|Any CPU
		{E6A386C6-D2EA-458C-91BF-DBD1CCE460AF}.Debug|Any CPU.Build.0 = Debug|Any CPU
		{E6A386C6-D2EA-458C-91BF-DBD1CCE460AF}.Release|Any CPU.ActiveCfg = Release|Any CPU
		{E6A386C6-D2EA-458C-91BF-DBD1CCE460AF}.Release|Any CPU.Build.0 = Release|Any CPU
	EndGlobalSection
	GlobalSection(SolutionProperties) = preSolution
		HideSolutionNode = FALSE
	EndGlobalSection
	GlobalSection(ExtensibilityGlobals) = postSolution
		SolutionGuid = {50665095-7FA8-400C-B1BD-72538B1F92FD}
	EndGlobalSection
EndGlobal
